
Microsoft Visual Studio Solution File, Format Version 12.00
# Visual Studio Version 17
VisualStudioVersion = 17.4.33122.133
MinimumVisualStudioVersion = 10.0.40219.1
Project("{9A19103F-16F7-4668-BE54-9A1E7A4F7556}") = "FluchDerVika.WeeklySchedule.Client", "FluchDerVika.WeeklySchedule.Client\FluchDerVika.WeeklySchedule.Client.csproj", "{EBBBE111-E4DF-4B09-A6CB-B2F0694B255E}"
EndProject
Project("{FAE04EC0-301F-11D3-BF4B-00C04F79EFBC}") = "UnitTest", "UnitTest\UnitTest.csproj", "{0415F0D5-D078-4BEC-A1BA-660A59CB5CBE}"
EndProject
Global
	GlobalSection(SolutionConfigurationPlatforms) = preSolution
		Debug|Any CPU = Debug|Any CPU
		Debug|x64 = Debug|x64
		Debug|x86 = Debug|x86
		Release|Any CPU = Release|Any CPU
		Release|x64 = Release|x64
		Release|x86 = Release|x86
	EndGlobalSection
	GlobalSection(ProjectConfigurationPlatforms) = postSolution
		{EBBBE111-E4DF-4B09-A6CB-B2F0694B255E}.Debug|Any CPU.ActiveCfg = Debug|Any CPU
		{EBBBE111-E4DF-4B09-A6CB-B2F0694B255E}.Debug|Any CPU.Build.0 = Debug|Any CPU
		{EBBBE111-E4DF-4B09-A6CB-B2F0694B255E}.Debug|x64.ActiveCfg = Debug|x64
		{EBBBE111-E4DF-4B09-A6CB-B2F0694B255E}.Debug|x64.Build.0 = Debug|x64
		{EBBBE111-E4DF-4B09-A6CB-B2F0694B255E}.Debug|x86.ActiveCfg = Debug|x86
		{EBBBE111-E4DF-4B09-A6CB-B2F0694B255E}.Debug|x86.Build.0 = Debug|x86
		{EBBBE111-E4DF-4B09-A6CB-B2F0694B255E}.Release|Any CPU.ActiveCfg = Release|Any CPU
		{EBBBE111-E4DF-4B09-A6CB-B2F0694B255E}.Release|Any CPU.Build.0 = Release|Any CPU
		{EBBBE111-E4DF-4B09-A6CB-B2F0694B255E}.Release|x64.ActiveCfg = Release|x64
		{EBBBE111-E4DF-4B09-A6CB-B2F0694B255E}.Release|x64.Build.0 = Release|x64
		{EBBBE111-E4DF-4B09-A6CB-B2F0694B255E}.Release|x86.ActiveCfg = Release|x86
		{EBBBE111-E4DF-4B09-A6CB-B2F0694B255E}.Release|x86.Build.0 = Release|x86
		{0415F0D5-D078-4BEC-A1BA-660A59CB5CBE}.Debug|Any CPU.ActiveCfg = Debug|Any CPU
		{0415F0D5-D078-4BEC-A1BA-660A59CB5CBE}.Debug|Any CPU.Build.0 = Debug|Any CPU
		{0415F0D5-D078-4BEC-A1BA-660A59CB5CBE}.Debug|x64.ActiveCfg = Debug|Any CPU
		{0415F0D5-D078-4BEC-A1BA-660A59CB5CBE}.Debug|x64.Build.0 = Debug|Any CPU
		{0415F0D5-D078-4BEC-A1BA-660A59CB5CBE}.Debug|x86.ActiveCfg = Debug|Any CPU
		{0415F0D5-D078-4BEC-A1BA-660A59CB5CBE}.Debug|x86.Build.0 = Debug|Any CPU
		{0415F0D5-D078-4BEC-A1BA-660A59CB5CBE}.Release|Any CPU.ActiveCfg = Release|Any CPU
		{0415F0D5-D078-4BEC-A1BA-660A59CB5CBE}.Release|Any CPU.Build.0 = Release|Any CPU
		{0415F0D5-D078-4BEC-A1BA-660A59CB5CBE}.Release|x64.ActiveCfg = Release|Any CPU
		{0415F0D5-D078-4BEC-A1BA-660A59CB5CBE}.Release|x64.Build.0 = Release|Any CPU
		{0415F0D5-D078-4BEC-A1BA-660A59CB5CBE}.Release|x86.ActiveCfg = Release|Any CPU
		{0415F0D5-D078-4BEC-A1BA-660A59CB5CBE}.Release|x86.Build.0 = Release|Any CPU
	EndGlobalSection
	GlobalSection(SolutionProperties) = preSolution
		HideSolutionNode = FALSE
	EndGlobalSection
	GlobalSection(ExtensibilityGlobals) = postSolution
		SolutionGuid = {158E6224-A485-4F6E-B1FD-806F57EC670A}
	EndGlobalSection
EndGlobal
